
Microsoft Visual Studio Solution File, Format Version 11.00
# Visual Studio 2010
Project("{E24C65DC-7377-472B-9ABA-BC803B73C61A}") = "Web", "..\Web", "{0516359E-D103-411F-9AA0-A6E15D6575F1}"
	ProjectSection(WebsiteProperties) = preProject
		SccProjectName = "SAK"
		SccAuxPath = "SAK"
		SccLocalPath = "SAK"
		SccProvider = "SAK"
		TargetFrameworkMoniker = ".NETFramework,Version%3Dv4.0"
		ProjectReferences = "{116BFABC-12CF-4870-BB04-A904EBD57277}|Adb.BusinessLayer.dll;{93AD715B-5823-45B5-A5F0-01251224075C}|DataAccessLayer.dll;"
		Debug.AspNetCompiler.VirtualPath = "/Web"
		Debug.AspNetCompiler.PhysicalPath = "..\Web\"
		Debug.AspNetCompiler.TargetPath = "PrecompiledWeb\Web\"
		Debug.AspNetCompiler.Updateable = "true"
		Debug.AspNetCompiler.ForceOverwrite = "true"
		Debug.AspNetCompiler.FixedNames = "false"
		Debug.AspNetCompiler.Debug = "True"
		Release.AspNetCompiler.VirtualPath = "/Web"
		Release.AspNetCompiler.PhysicalPath = "..\Web\"
		Release.AspNetCompiler.TargetPath = "PrecompiledWeb\Web\"
		Release.AspNetCompiler.Updateable = "true"
		Release.AspNetCompiler.ForceOverwrite = "true"
		Release.AspNetCompiler.FixedNames = "false"
		Release.AspNetCompiler.Debug = "False"
		VWDPort = "63713"
	EndProjectSection
EndProject
Project("{FAE04EC0-301F-11D3-BF4B-00C04F79EFBC}") = "Adb.BusinessLayer", "..\Adb.BusinessLayer\Adb.BusinessLayer.csproj", "{116BFABC-12CF-4870-BB04-A904EBD57277}"
EndProject
Project("{FAE04EC0-301F-11D3-BF4B-00C04F79EFBC}") = "Adb.DataAccessLayer", "..\DataAccessLayer\Adb.DataAccessLayer.csproj", "{93AD715B-5823-45B5-A5F0-01251224075C}"
EndProject
Project("{FAE04EC0-301F-11D3-BF4B-00C04F79EFBC}") = "ASPnetPagerV2_8", "..\ASPnetPagerV2_8\ASPnetPagerV2_8.csproj", "{DDA4682F-257E-4920-A586-35E5F504CB6C}"
EndProject
Global
	GlobalSection(TeamFoundationVersionControl) = preSolution
		SccNumberOfProjects = 4
		SccEnterpriseProvider = {4CA58AB2-18FA-4F8D-95D4-32DDF27D184C}
		SccTeamFoundationServer = https://fs.adbccro.com/tfs/defaultcollection
		SccWebProject0 = true
		SccProjectUniqueName0 = .
		SccProjectName0 = .
		SccAuxPath0 = https://fs.adbccro.com/tfs/defaultcollection
		SccLocalPath0 = .
		SccProvider0 = {4CA58AB2-18FA-4F8D-95D4-32DDF27D184C}
		SccProjectEnlistmentChoice0 = 2
		SccProjectUniqueName1 = ..\\Adb.BusinessLayer\\Adb.BusinessLayer.csproj
		SccProjectName1 = ../Adb.BusinessLayer
		SccAuxPath1 = https://fs.adbccro.com/tfs/defaultcollection
		SccLocalPath1 = ..\\Adb.BusinessLayer
		SccProvider1 = {4CA58AB2-18FA-4F8D-95D4-32DDF27D184C}
		SccProjectUniqueName2 = ..\\DataAccessLayer\\Adb.DataAccessLayer.csproj
		SccProjectName2 = ../DataAccessLayer
		SccAuxPath2 = https://fs.adbccro.com/tfs/defaultcollection
		SccLocalPath2 = ..\\DataAccessLayer
		SccProvider2 = {4CA58AB2-18FA-4F8D-95D4-32DDF27D184C}
		SccProjectUniqueName3 = ..\\ASPnetPagerV2_8\\ASPnetPagerV2_8.csproj
		SccProjectName3 = ../ASPnetPagerV2_8
		SccAuxPath3 = https://fs.adbccro.com/tfs/defaultcollection
		SccLocalPath3 = ..\\ASPnetPagerV2_8
		SccProvider3 = {4CA58AB2-18FA-4F8D-95D4-32DDF27D184C}
	EndGlobalSection
	GlobalSection(SolutionConfigurationPlatforms) = preSolution
		Debug|Any CPU = Debug|Any CPU
		Release|Any CPU = Release|Any CPU
	EndGlobalSection
	GlobalSection(ProjectConfigurationPlatforms) = postSolution
		{0516359E-D103-411F-9AA0-A6E15D6575F1}.Debug|Any CPU.ActiveCfg = Debug|Any CPU
		{0516359E-D103-411F-9AA0-A6E15D6575F1}.Debug|Any CPU.Build.0 = Debug|Any CPU
		{0516359E-D103-411F-9AA0-A6E15D6575F1}.Release|Any CPU.ActiveCfg = Debug|Any CPU
		{0516359E-D103-411F-9AA0-A6E15D6575F1}.Release|Any CPU.Build.0 = Debug|Any CPU
		{116BFABC-12CF-4870-BB04-A904EBD57277}.Debug|Any CPU.ActiveCfg = Debug|Any CPU
		{116BFABC-12CF-4870-BB04-A904EBD57277}.Debug|Any CPU.Build.0 = Debug|Any CPU
		{116BFABC-12CF-4870-BB04-A904EBD57277}.Release|Any CPU.ActiveCfg = Release|Any CPU
		{116BFABC-12CF-4870-BB04-A904EBD57277}.Release|Any CPU.Build.0 = Release|Any CPU
		{93AD715B-5823-45B5-A5F0-01251224075C}.Debug|Any CPU.ActiveCfg = Debug|Any CPU
		{93AD715B-5823-45B5-A5F0-01251224075C}.Debug|Any CPU.Build.0 = Debug|Any CPU
		{93AD715B-5823-45B5-A5F0-01251224075C}.Release|Any CPU.ActiveCfg = Release|Any CPU
		{93AD715B-5823-45B5-A5F0-01251224075C}.Release|Any CPU.Build.0 = Release|Any CPU
		{DDA4682F-257E-4920-A586-35E5F504CB6C}.Debug|Any CPU.ActiveCfg = Debug|Any CPU
		{DDA4682F-257E-4920-A586-35E5F504CB6C}.Debug|Any CPU.Build.0 = Debug|Any CPU
		{DDA4682F-257E-4920-A586-35E5F504CB6C}.Release|Any CPU.ActiveCfg = Release|Any CPU
		{DDA4682F-257E-4920-A586-35E5F504CB6C}.Release|Any CPU.Build.0 = Release|Any CPU
	EndGlobalSection
	GlobalSection(SolutionProperties) = preSolution
		HideSolutionNode = FALSE
	EndGlobalSection
	GlobalSection(TeamFoundationVersionControl) = preSolution
		SccNumberOfProjects = 4
		SccEnterpriseProvider = {4CA58AB2-18FA-4F8D-95D4-32DDF27D184C}
		SccTeamFoundationServer = https://fs.adbccro.com/tfs/defaultcollection
		SccWebProject0 = true
		SccProjectUniqueName0 = .
		SccProjectName0 = .
		SccAuxPath0 = https://fs.adbccro.com/tfs/defaultcollection
		SccLocalPath0 = .
		SccProvider0 = {4CA58AB2-18FA-4F8D-95D4-32DDF27D184C}
		SccProjectEnlistmentChoice0 = 2
		SccProjectUniqueName1 = ..\\Adb.BusinessLayer\\Adb.BusinessLayer.csproj
		SccProjectName1 = ../Adb.BusinessLayer
		SccAuxPath1 = https://fs.adbccro.com/tfs/defaultcollection
		SccLocalPath1 = ..\\Adb.BusinessLayer
		SccProvider1 = {4CA58AB2-18FA-4F8D-95D4-32DDF27D184C}
		SccProjectUniqueName2 = ..\\DataAccessLayer\\Adb.DataAccessLayer.csproj
		SccProjectName2 = ../DataAccessLayer
		SccAuxPath2 = https://fs.adbccro.com/tfs/defaultcollection
		SccLocalPath2 = ..\\DataAccessLayer
		SccProvider2 = {4CA58AB2-18FA-4F8D-95D4-32DDF27D184C}
		SccProjectUniqueName3 = ..\\ASPnetPagerV2_8\\ASPnetPagerV2_8.csproj
		SccProjectName3 = ../ASPnetPagerV2_8
		SccAuxPath3 = https://fs.adbccro.com/tfs/defaultcollection
		SccLocalPath3 = ..\\ASPnetPagerV2_8
		SccProvider3 = {4CA58AB2-18FA-4F8D-95D4-32DDF27D184C}
	EndGlobalSection
	GlobalSection(TeamFoundationVersionControl) = preSolution
		SccNumberOfProjects = 4
		SccEnterpriseProvider = {4CA58AB2-18FA-4F8D-95D4-32DDF27D184C}
		SccTeamFoundationServer = https://fs.adbccro.com/tfs/defaultcollection
		SccWebProject0 = true
		SccProjectUniqueName0 = .
		SccProjectName0 = .
		SccAuxPath0 = https://fs.adbccro.com/tfs/defaultcollection
		SccLocalPath0 = .
		SccProvider0 = {4CA58AB2-18FA-4F8D-95D4-32DDF27D184C}
		SccProjectEnlistmentChoice0 = 2
		SccProjectUniqueName1 = ..\\Adb.BusinessLayer\\Adb.BusinessLayer.csproj
		SccProjectName1 = ../Adb.BusinessLayer
		SccAuxPath1 = https://fs.adbccro.com/tfs/defaultcollection
		SccLocalPath1 = ..\\Adb.BusinessLayer
		SccProvider1 = {4CA58AB2-18FA-4F8D-95D4-32DDF27D184C}
		SccProjectUniqueName2 = ..\\DataAccessLayer\\Adb.DataAccessLayer.csproj
		SccProjectName2 = ../DataAccessLayer
		SccAuxPath2 = https://fs.adbccro.com/tfs/defaultcollection
		SccLocalPath2 = ..\\DataAccessLayer
		SccProvider2 = {4CA58AB2-18FA-4F8D-95D4-32DDF27D184C}
		SccProjectUniqueName3 = ..\\ASPnetPagerV2_8\\ASPnetPagerV2_8.csproj
		SccProjectName3 = ../ASPnetPagerV2_8
		SccAuxPath3 = https://fs.adbccro.com/tfs/defaultcollection
		SccLocalPath3 = ..\\ASPnetPagerV2_8
		SccProvider3 = {4CA58AB2-18FA-4F8D-95D4-32DDF27D184C}
	EndGlobalSection
	GlobalSection(TeamFoundationVersionControl) = preSolution
		SccNumberOfProjects = 4
		SccEnterpriseProvider = {4CA58AB2-18FA-4F8D-95D4-32DDF27D184C}
		SccTeamFoundationServer = https://fs.adbccro.com/tfs/defaultcollection
		SccWebProject0 = true
		SccProjectUniqueName0 = .
		SccProjectName0 = .
		SccAuxPath0 = https://fs.adbccro.com/tfs/defaultcollection
		SccLocalPath0 = .
		SccProvider0 = {4CA58AB2-18FA-4F8D-95D4-32DDF27D184C}
		SccProjectEnlistmentChoice0 = 2
		SccProjectUniqueName1 = ..\\Adb.BusinessLayer\\Adb.BusinessLayer.csproj
		SccProjectName1 = ../Adb.BusinessLayer
		SccAuxPath1 = https://fs.adbccro.com/tfs/defaultcollection
		SccLocalPath1 = ..\\Adb.BusinessLayer
		SccProvider1 = {4CA58AB2-18FA-4F8D-95D4-32DDF27D184C}
		SccProjectUniqueName2 = ..\\DataAccessLayer\\Adb.DataAccessLayer.csproj
		SccProjectName2 = ../DataAccessLayer
		SccAuxPath2 = https://fs.adbccro.com/tfs/defaultcollection
		SccLocalPath2 = ..\\DataAccessLayer
		SccProvider2 = {4CA58AB2-18FA-4F8D-95D4-32DDF27D184C}
		SccProjectUniqueName3 = ..\\ASPnetPagerV2_8\\ASPnetPagerV2_8.csproj
		SccProjectName3 = ../ASPnetPagerV2_8
		SccAuxPath3 = https://fs.adbccro.com/tfs/defaultcollection
		SccLocalPath3 = ..\\ASPnetPagerV2_8
		SccProvider3 = {4CA58AB2-18FA-4F8D-95D4-32DDF27D184C}
	EndGlobalSection
	GlobalSection(TeamFoundationVersionControl) = preSolution
		SccNumberOfProjects = 4
		SccEnterpriseProvider = {4CA58AB2-18FA-4F8D-95D4-32DDF27D184C}
		SccTeamFoundationServer = https://fs.adbccro.com/tfs/defaultcollection
		SccWebProject0 = true
		SccProjectUniqueName0 = .
		SccProjectName0 = .
		SccAuxPath0 = https://fs.adbccro.com/tfs/defaultcollection
		SccLocalPath0 = .
		SccProvider0 = {4CA58AB2-18FA-4F8D-95D4-32DDF27D184C}
		SccProjectEnlistmentChoice0 = 2
		SccProjectUniqueName1 = ..\\Adb.BusinessLayer\\Adb.BusinessLayer.csproj
		SccProjectName1 = ../Adb.BusinessLayer
		SccAuxPath1 = https://fs.adbccro.com/tfs/defaultcollection
		SccLocalPath1 = ..\\Adb.BusinessLayer
		SccProvider1 = {4CA58AB2-18FA-4F8D-95D4-32DDF27D184C}
		SccProjectUniqueName2 = ..\\DataAccessLayer\\Adb.DataAccessLayer.csproj
		SccProjectName2 = ../DataAccessLayer
		SccAuxPath2 = https://fs.adbccro.com/tfs/defaultcollection
		SccLocalPath2 = ..\\DataAccessLayer
		SccProvider2 = {4CA58AB2-18FA-4F8D-95D4-32DDF27D184C}
		SccProjectUniqueName3 = ..\\ASPnetPagerV2_8\\ASPnetPagerV2_8.csproj
		SccProjectName3 = ../ASPnetPagerV2_8
		SccAuxPath3 = https://fs.adbccro.com/tfs/defaultcollection
		SccLocalPath3 = ..\\ASPnetPagerV2_8
		SccProvider3 = {4CA58AB2-18FA-4F8D-95D4-32DDF27D184C}
	EndGlobalSection
	GlobalSection(TeamFoundationVersionControl) = preSolution
		SccNumberOfProjects = 4
		SccEnterpriseProvider = {4CA58AB2-18FA-4F8D-95D4-32DDF27D184C}
		SccTeamFoundationServer = https://fs.adbccro.com/tfs/defaultcollection
		SccWebProject0 = true
		SccProjectUniqueName0 = .
		SccProjectName0 = .
		SccAuxPath0 = https://fs.adbccro.com/tfs/defaultcollection
		SccLocalPath0 = .
		SccProvider0 = {4CA58AB2-18FA-4F8D-95D4-32DDF27D184C}
		SccProjectEnlistmentChoice0 = 2
		SccProjectUniqueName1 = ..\\Adb.BusinessLayer\\Adb.BusinessLayer.csproj
		SccProjectName1 = ../Adb.BusinessLayer
		SccAuxPath1 = https://fs.adbccro.com/tfs/defaultcollection
		SccLocalPath1 = ..\\Adb.BusinessLayer
		SccProvider1 = {4CA58AB2-18FA-4F8D-95D4-32DDF27D184C}
		SccProjectUniqueName2 = ..\\DataAccessLayer\\Adb.DataAccessLayer.csproj
		SccProjectName2 = ../DataAccessLayer
		SccAuxPath2 = https://fs.adbccro.com/tfs/defaultcollection
		SccLocalPath2 = ..\\DataAccessLayer
		SccProvider2 = {4CA58AB2-18FA-4F8D-95D4-32DDF27D184C}
		SccProjectUniqueName3 = ..\\ASPnetPagerV2_8\\ASPnetPagerV2_8.csproj
		SccProjectName3 = ../ASPnetPagerV2_8
		SccAuxPath3 = https://fs.adbccro.com/tfs/defaultcollection
		SccLocalPath3 = ..\\ASPnetPagerV2_8
		SccProvider3 = {4CA58AB2-18FA-4F8D-95D4-32DDF27D184C}
	EndGlobalSection
	GlobalSection(TeamFoundationVersionControl) = preSolution
		SccNumberOfProjects = 4
		SccEnterpriseProvider = {4CA58AB2-18FA-4F8D-95D4-32DDF27D184C}
		SccTeamFoundationServer = https://fs.adbccro.com/tfs/defaultcollection
		SccWebProject0 = true
		SccProjectUniqueName0 = .
		SccProjectName0 = .
		SccAuxPath0 = https://fs.adbccro.com/tfs/defaultcollection
		SccLocalPath0 = .
		SccProvider0 = {4CA58AB2-18FA-4F8D-95D4-32DDF27D184C}
		SccProjectEnlistmentChoice0 = 2
		SccProjectUniqueName1 = ..\\Adb.BusinessLayer\\Adb.BusinessLayer.csproj
		SccProjectName1 = ../Adb.BusinessLayer
		SccAuxPath1 = https://fs.adbccro.com/tfs/defaultcollection
		SccLocalPath1 = ..\\Adb.BusinessLayer
		SccProvider1 = {4CA58AB2-18FA-4F8D-95D4-32DDF27D184C}
		SccProjectUniqueName2 = ..\\DataAccessLayer\\Adb.DataAccessLayer.csproj
		SccProjectName2 = ../DataAccessLayer
		SccAuxPath2 = https://fs.adbccro.com/tfs/defaultcollection
		SccLocalPath2 = ..\\DataAccessLayer
		SccProvider2 = {4CA58AB2-18FA-4F8D-95D4-32DDF27D184C}
		SccProjectUniqueName3 = ..\\ASPnetPagerV2_8\\ASPnetPagerV2_8.csproj
		SccProjectName3 = ../ASPnetPagerV2_8
		SccAuxPath3 = https://fs.adbccro.com/tfs/defaultcollection
		SccLocalPath3 = ..\\ASPnetPagerV2_8
		SccProvider3 = {4CA58AB2-18FA-4F8D-95D4-32DDF27D184C}
	EndGlobalSection
	GlobalSection(TeamFoundationVersionControl) = preSolution
		SccNumberOfProjects = 4
		SccEnterpriseProvider = {4CA58AB2-18FA-4F8D-95D4-32DDF27D184C}
		SccTeamFoundationServer = https://fs.adbccro.com/tfs/defaultcollection
		SccWebProject0 = true
		SccProjectUniqueName0 = .
		SccProjectName0 = .
		SccAuxPath0 = https://fs.adbccro.com/tfs/defaultcollection
		SccLocalPath0 = .
		SccProvider0 = {4CA58AB2-18FA-4F8D-95D4-32DDF27D184C}
		SccProjectEnlistmentChoice0 = 2
		SccProjectUniqueName1 = ..\\Adb.BusinessLayer\\Adb.BusinessLayer.csproj
		SccProjectName1 = ../Adb.BusinessLayer
		SccAuxPath1 = https://fs.adbccro.com/tfs/defaultcollection
		SccLocalPath1 = ..\\Adb.BusinessLayer
		SccProvider1 = {4CA58AB2-18FA-4F8D-95D4-32DDF27D184C}
		SccProjectUniqueName2 = ..\\DataAccessLayer\\Adb.DataAccessLayer.csproj
		SccProjectName2 = ../DataAccessLayer
		SccAuxPath2 = https://fs.adbccro.com/tfs/defaultcollection
		SccLocalPath2 = ..\\DataAccessLayer
		SccProvider2 = {4CA58AB2-18FA-4F8D-95D4-32DDF27D184C}
		SccProjectUniqueName3 = ..\\ASPnetPagerV2_8\\ASPnetPagerV2_8.csproj
		SccProjectName3 = ../ASPnetPagerV2_8
		SccAuxPath3 = https://fs.adbccro.com/tfs/defaultcollection
		SccLocalPath3 = ..\\ASPnetPagerV2_8
		SccProvider3 = {4CA58AB2-18FA-4F8D-95D4-32DDF27D184C}
	EndGlobalSection
	GlobalSection(TeamFoundationVersionControl) = preSolution
		SccNumberOfProjects = 4
		SccEnterpriseProvider = {4CA58AB2-18FA-4F8D-95D4-32DDF27D184C}
		SccTeamFoundationServer = https://fs.adbccro.com/tfs/defaultcollection
		SccWebProject0 = true
		SccProjectUniqueName0 = .
		SccProjectName0 = .
		SccAuxPath0 = https://fs.adbccro.com/tfs/defaultcollection
		SccLocalPath0 = .
		SccProvider0 = {4CA58AB2-18FA-4F8D-95D4-32DDF27D184C}
		SccProjectEnlistmentChoice0 = 2
		SccProjectUniqueName1 = ..\\Adb.BusinessLayer\\Adb.BusinessLayer.csproj
		SccProjectName1 = ../Adb.BusinessLayer
		SccAuxPath1 = https://fs.adbccro.com/tfs/defaultcollection
		SccLocalPath1 = ..\\Adb.BusinessLayer
		SccProvider1 = {4CA58AB2-18FA-4F8D-95D4-32DDF27D184C}
		SccProjectUniqueName2 = ..\\DataAccessLayer\\Adb.DataAccessLayer.csproj
		SccProjectName2 = ../DataAccessLayer
		SccAuxPath2 = https://fs.adbccro.com/tfs/defaultcollection
		SccLocalPath2 = ..\\DataAccessLayer
		SccProvider2 = {4CA58AB2-18FA-4F8D-95D4-32DDF27D184C}
		SccProjectUniqueName3 = ..\\ASPnetPagerV2_8\\ASPnetPagerV2_8.csproj
		SccProjectName3 = ../ASPnetPagerV2_8
		SccAuxPath3 = https://fs.adbccro.com/tfs/defaultcollection
		SccLocalPath3 = ..\\ASPnetPagerV2_8
		SccProvider3 = {4CA58AB2-18FA-4F8D-95D4-32DDF27D184C}
	EndGlobalSection
EndGlobal
